
Microsoft Visual Studio Solution File, Format Version 12.00
# Visual Studio Version 16
VisualStudioVersion = 16.0.31911.196
MinimumVisualStudioVersion = 10.0.40219.1
Project("{FAE04EC0-301F-11D3-BF4B-00C04F79EFBC}") = "FileReaderSystem", "FileReaderSystem\FileReaderSystem.csproj", "{AAA5306B-58E5-4775-B4BF-CE4D77B2DC0A}"
EndProject
Global
	GlobalSection(SolutionConfigurationPlatforms) = preSolution
		Debug|Any CPU = Debug|Any CPU
		Release|Any CPU = Release|Any CPU
	EndGlobalSection
	GlobalSection(ProjectConfigurationPlatforms) = postSolution
		{AAA5306B-58E5-4775-B4BF-CE4D77B2DC0A}.Debug|Any CPU.ActiveCfg = Debug|Any CPU
		{AAA5306B-58E5-4775-B4BF-CE4D77B2DC0A}.Debug|Any CPU.Build.0 = Debug|Any CPU
		{AAA5306B-58E5-4775-B4BF-CE4D77B2DC0A}.Release|Any CPU.ActiveCfg = Release|Any CPU
		{AAA5306B-58E5-4775-B4BF-CE4D77B2DC0A}.Release|Any CPU.Build.0 = Release|Any CPU
	EndGlobalSection
	GlobalSection(SolutionProperties) = preSolution
		HideSolutionNode = FALSE
	EndGlobalSection
	GlobalSection(ExtensibilityGlobals) = postSolution
		SolutionGuid = {7E688711-1BCD-41D1-971F-1D5F7835AD33}
	EndGlobalSection
EndGlobal
